
Microsoft Visual Studio Solution File, Format Version 12.00
# Visual Studio 14
VisualStudioVersion = 14.0.25420.1
MinimumVisualStudioVersion = 10.0.40219.1
Project("{FAE04EC0-301F-11D3-BF4B-00C04F79EFBC}") = "PoemGenerator", "PoemGenerator\PoemGenerator.csproj", "{78420165-C234-4DA9-8BD1-165CBD685000}"
EndProject
Project("{FAE04EC0-301F-11D3-BF4B-00C04F79EFBC}") = "PoemGenerator.Tests", "PoemGenerator.Tests\PoemGenerator.Tests.csproj", "{B37975FF-55B5-48F5-BA98-B0030D0478B3}"
EndProject
Global
	GlobalSection(SolutionConfigurationPlatforms) = preSolution
		Debug|Any CPU = Debug|Any CPU
		Release|Any CPU = Release|Any CPU
	EndGlobalSection
	GlobalSection(ProjectConfigurationPlatforms) = postSolution
		{78420165-C234-4DA9-8BD1-165CBD685000}.Debug|Any CPU.ActiveCfg = Debug|Any CPU
		{78420165-C234-4DA9-8BD1-165CBD685000}.Debug|Any CPU.Build.0 = Debug|Any CPU
		{78420165-C234-4DA9-8BD1-165CBD685000}.Release|Any CPU.ActiveCfg = Release|Any CPU
		{78420165-C234-4DA9-8BD1-165CBD685000}.Release|Any CPU.Build.0 = Release|Any CPU
		{B37975FF-55B5-48F5-BA98-B0030D0478B3}.Debug|Any CPU.ActiveCfg = Debug|Any CPU
		{B37975FF-55B5-48F5-BA98-B0030D0478B3}.Debug|Any CPU.Build.0 = Debug|Any CPU
		{B37975FF-55B5-48F5-BA98-B0030D0478B3}.Release|Any CPU.ActiveCfg = Release|Any CPU
		{B37975FF-55B5-48F5-BA98-B0030D0478B3}.Release|Any CPU.Build.0 = Release|Any CPU
	EndGlobalSection
	GlobalSection(SolutionProperties) = preSolution
		HideSolutionNode = FALSE
	EndGlobalSection
EndGlobal
